
Microsoft Visual Studio Solution File, Format Version 12.00
# Visual Studio Version 16
VisualStudioVersion = 16.0.30804.86
MinimumVisualStudioVersion = 10.0.40219.1
Project("{9A19103F-16F7-4668-BE54-9A1E7A4F7556}") = "CodeWithParveenYadav", "CodeWithParveenYadav\CodeWithParveenYadav.csproj", "{F88E3B6C-3321-4E38-863F-D6276E65DD3E}"
EndProject
Project("{9A19103F-16F7-4668-BE54-9A1E7A4F7556}") = "TestClassLib", "TestClassLib\TestClassLib.csproj", "{65D84DD0-2119-4DC7-956C-BC30A39D398F}"
EndProject
Project("{FAE04EC0-301F-11D3-BF4B-00C04F79EFBC}") = "XUnitTestProject1", "XUnitTestProject1\XUnitTestProject1.csproj", "{43876BC9-B552-4D4A-A611-E9C07412C30F}"
EndProject
Global
	GlobalSection(SolutionConfigurationPlatforms) = preSolution
		Debug|Any CPU = Debug|Any CPU
		Release|Any CPU = Release|Any CPU
	EndGlobalSection
	GlobalSection(ProjectConfigurationPlatforms) = postSolution
		{F88E3B6C-3321-4E38-863F-D6276E65DD3E}.Debug|Any CPU.ActiveCfg = Debug|Any CPU
		{F88E3B6C-3321-4E38-863F-D6276E65DD3E}.Debug|Any CPU.Build.0 = Debug|Any CPU
		{F88E3B6C-3321-4E38-863F-D6276E65DD3E}.Release|Any CPU.ActiveCfg = Release|Any CPU
		{F88E3B6C-3321-4E38-863F-D6276E65DD3E}.Release|Any CPU.Build.0 = Release|Any CPU
		{65D84DD0-2119-4DC7-956C-BC30A39D398F}.Debug|Any CPU.ActiveCfg = Debug|Any CPU
		{65D84DD0-2119-4DC7-956C-BC30A39D398F}.Debug|Any CPU.Build.0 = Debug|Any CPU
		{65D84DD0-2119-4DC7-956C-BC30A39D398F}.Release|Any CPU.ActiveCfg = Release|Any CPU
		{65D84DD0-2119-4DC7-956C-BC30A39D398F}.Release|Any CPU.Build.0 = Release|Any CPU
		{43876BC9-B552-4D4A-A611-E9C07412C30F}.Debug|Any CPU.ActiveCfg = Debug|Any CPU
		{43876BC9-B552-4D4A-A611-E9C07412C30F}.Debug|Any CPU.Build.0 = Debug|Any CPU
		{43876BC9-B552-4D4A-A611-E9C07412C30F}.Release|Any CPU.ActiveCfg = Release|Any CPU
		{43876BC9-B552-4D4A-A611-E9C07412C30F}.Release|Any CPU.Build.0 = Release|Any CPU
	EndGlobalSection
	GlobalSection(SolutionProperties) = preSolution
		HideSolutionNode = FALSE
	EndGlobalSection
	GlobalSection(ExtensibilityGlobals) = postSolution
		SolutionGuid = {CF03D262-EA5C-4484-9779-B1BD15A2D707}
	EndGlobalSection
EndGlobal
